
Microsoft Visual Studio Solution File, Format Version 12.00
# Visual Studio Version 17
VisualStudioVersion = 17.5.33530.505
MinimumVisualStudioVersion = 10.0.40219.1
Project("{8BC9CEB8-8B4A-11D0-8D11-00A0C91BC942}") = "PG3_kakunin(KamataEmgine)", "PG3_kakunin(KamataEmgine).vcxproj", "{2EC2F912-1F1D-47EF-AB09-6211C8126CCC}"
EndProject
Global
	GlobalSection(SolutionConfigurationPlatforms) = preSolution
		Debug|x64 = Debug|x64
		Release|x64 = Release|x64
	EndGlobalSection
	GlobalSection(ProjectConfigurationPlatforms) = postSolution
		{2EC2F912-1F1D-47EF-AB09-6211C8126CCC}.Debug|x64.ActiveCfg = Debug|x64
		{2EC2F912-1F1D-47EF-AB09-6211C8126CCC}.Debug|x64.Build.0 = Debug|x64
		{2EC2F912-1F1D-47EF-AB09-6211C8126CCC}.Release|x64.ActiveCfg = Release|x64
		{2EC2F912-1F1D-47EF-AB09-6211C8126CCC}.Release|x64.Build.0 = Release|x64
	EndGlobalSection
	GlobalSection(SolutionProperties) = preSolution
		HideSolutionNode = FALSE
	EndGlobalSection
	GlobalSection(ExtensibilityGlobals) = postSolution
		SolutionGuid = {7E0D73A3-E58E-4130-A199-E31E75831106}
	EndGlobalSection
EndGlobal
